
Microsoft Visual Studio Solution File, Format Version 12.00
# Visual Studio Version 16
VisualStudioVersion = 16.0.29403.142
MinimumVisualStudioVersion = 10.0.40219.1
Project("{9A19103F-16F7-4668-BE54-9A1E7A4F7556}") = "Crud-Pattern-Repository", "Crud-Pattern-Repository\Crud-Pattern-Repository.csproj", "{8A03FC3D-533E-4D90-8503-18EEE166C100}"
EndProject
Project("{FAE04EC0-301F-11D3-BF4B-00C04F79EFBC}") = "Test-RepositoryPattern-Moq", "Test-RepositoryPattern-Moq\Test-RepositoryPattern-Moq.csproj", "{F4D0A827-21C0-46E4-8FD7-10E76BEAAE2A}"
EndProject
Global
	GlobalSection(SolutionConfigurationPlatforms) = preSolution
		Debug|Any CPU = Debug|Any CPU
		Release|Any CPU = Release|Any CPU
	EndGlobalSection
	GlobalSection(ProjectConfigurationPlatforms) = postSolution
		{8A03FC3D-533E-4D90-8503-18EEE166C100}.Debug|Any CPU.ActiveCfg = Debug|Any CPU
		{8A03FC3D-533E-4D90-8503-18EEE166C100}.Debug|Any CPU.Build.0 = Debug|Any CPU
		{8A03FC3D-533E-4D90-8503-18EEE166C100}.Release|Any CPU.ActiveCfg = Release|Any CPU
		{8A03FC3D-533E-4D90-8503-18EEE166C100}.Release|Any CPU.Build.0 = Release|Any CPU
		{F4D0A827-21C0-46E4-8FD7-10E76BEAAE2A}.Debug|Any CPU.ActiveCfg = Debug|Any CPU
		{F4D0A827-21C0-46E4-8FD7-10E76BEAAE2A}.Debug|Any CPU.Build.0 = Debug|Any CPU
		{F4D0A827-21C0-46E4-8FD7-10E76BEAAE2A}.Release|Any CPU.ActiveCfg = Release|Any CPU
		{F4D0A827-21C0-46E4-8FD7-10E76BEAAE2A}.Release|Any CPU.Build.0 = Release|Any CPU
	EndGlobalSection
	GlobalSection(SolutionProperties) = preSolution
		HideSolutionNode = FALSE
	EndGlobalSection
	GlobalSection(ExtensibilityGlobals) = postSolution
		SolutionGuid = {30C2EDED-86C4-47D3-9650-3DDB67C85C80}
	EndGlobalSection
EndGlobal
